
Microsoft Visual Studio Solution File, Format Version 12.00
# Visual Studio Version 16
VisualStudioVersion = 16.0.31019.35
MinimumVisualStudioVersion = 10.0.40219.1
Project("{9A19103F-16F7-4668-BE54-9A1E7A4F7556}") = "ИТМО.ASP.NET_Razor_WebAppCoreProduct", "ИТМО.ASP.NET Razor_WebAppCoreProduct\ИТМО.ASP.NET_Razor_WebAppCoreProduct.csproj", "{934B078B-A2C0-4CA9-9FBA-6A3FC7E83744}"
EndProject
Global
	GlobalSection(SolutionConfigurationPlatforms) = preSolution
		Debug|Any CPU = Debug|Any CPU
		Release|Any CPU = Release|Any CPU
	EndGlobalSection
	GlobalSection(ProjectConfigurationPlatforms) = postSolution
		{934B078B-A2C0-4CA9-9FBA-6A3FC7E83744}.Debug|Any CPU.ActiveCfg = Debug|Any CPU
		{934B078B-A2C0-4CA9-9FBA-6A3FC7E83744}.Debug|Any CPU.Build.0 = Debug|Any CPU
		{934B078B-A2C0-4CA9-9FBA-6A3FC7E83744}.Release|Any CPU.ActiveCfg = Release|Any CPU
		{934B078B-A2C0-4CA9-9FBA-6A3FC7E83744}.Release|Any CPU.Build.0 = Release|Any CPU
	EndGlobalSection
	GlobalSection(SolutionProperties) = preSolution
		HideSolutionNode = FALSE
	EndGlobalSection
	GlobalSection(ExtensibilityGlobals) = postSolution
		SolutionGuid = {7FA260CF-3AEC-4839-BB14-DB1398F793BB}
	EndGlobalSection
EndGlobal
