
Microsoft Visual Studio Solution File, Format Version 12.00
# Visual Studio Version 16
VisualStudioVersion = 16.0.31112.23
MinimumVisualStudioVersion = 10.0.40219.1
Project("{FAE04EC0-301F-11D3-BF4B-00C04F79EFBC}") = "MvcDataViews", "MvcDataViews.csproj", "{6AB2C013-49D9-40F6-8F23-54F7413F0566}"
EndProject
Global
	GlobalSection(SolutionConfigurationPlatforms) = preSolution
		Debug|Any CPU = Debug|Any CPU
		Release|Any CPU = Release|Any CPU
	EndGlobalSection
	GlobalSection(ProjectConfigurationPlatforms) = postSolution
		{6AB2C013-49D9-40F6-8F23-54F7413F0566}.Debug|Any CPU.ActiveCfg = Debug|Any CPU
		{6AB2C013-49D9-40F6-8F23-54F7413F0566}.Debug|Any CPU.Build.0 = Debug|Any CPU
		{6AB2C013-49D9-40F6-8F23-54F7413F0566}.Release|Any CPU.ActiveCfg = Release|Any CPU
		{6AB2C013-49D9-40F6-8F23-54F7413F0566}.Release|Any CPU.Build.0 = Release|Any CPU
	EndGlobalSection
	GlobalSection(SolutionProperties) = preSolution
		HideSolutionNode = FALSE
	EndGlobalSection
	GlobalSection(ExtensibilityGlobals) = postSolution
		SolutionGuid = {E4E4682B-97DA-43E4-8875-F9609A7E0EBD}
	EndGlobalSection
EndGlobal
